Microsoft Visual Studio Solution File, Format Version 11.00
# Visual Studio 2008

Project("{119518C2-134C-4610-8179-369F0CE81FA2}") = "Ellipse", "Assembly-CSharp.csproj", "{8D1097D0-2CB9-6998-86A5-427313B7EBA5}"
EndProject
Global
	GlobalSection(SolutionConfigurationPlatforms) = preSolution
		Debug|Any CPU = Debug|Any CPU
		Release|Any CPU = Release|Any CPU
	EndGlobalSection
	GlobalSection(ProjectConfigurationPlatforms) = postSolution
		{8D1097D0-2CB9-6998-86A5-427313B7EBA5}.Debug|Any CPU.ActiveCfg = Debug|Any CPU
		{8D1097D0-2CB9-6998-86A5-427313B7EBA5}.Debug|Any CPU.Build.0 = Debug|Any CPU
		{8D1097D0-2CB9-6998-86A5-427313B7EBA5}.Release|Any CPU.ActiveCfg = Release|Any CPU
		{8D1097D0-2CB9-6998-86A5-427313B7EBA5}.Release|Any CPU.Build.0 = Release|Any CPU
	EndGlobalSection
	GlobalSection(SolutionProperties) = preSolution
		HideSolutionNode = FALSE
	EndGlobalSection
	GlobalSection(MonoDevelopProperties) = preSolution
		StartupItem = Assembly-CSharp.csproj
	EndGlobalSection
EndGlobal
