Microsoft Visual Studio Solution File, Format Version 11.00
# Visual Studio 2008

Project("{25AC37B4-08A7-E7B8-FB40-0CBC0E231617}") = "Ellipse(10_9)", "Assembly-CSharp.csproj", "{9C70BBAE-0976-3267-B645-9D06B4276AAA}"
EndProject
Global
	GlobalSection(SolutionConfigurationPlatforms) = preSolution
		Debug|Any CPU = Debug|Any CPU
		Release|Any CPU = Release|Any CPU
	EndGlobalSection
	GlobalSection(ProjectConfigurationPlatforms) = postSolution
		{9C70BBAE-0976-3267-B645-9D06B4276AAA}.Debug|Any CPU.ActiveCfg = Debug|Any CPU
		{9C70BBAE-0976-3267-B645-9D06B4276AAA}.Debug|Any CPU.Build.0 = Debug|Any CPU
		{9C70BBAE-0976-3267-B645-9D06B4276AAA}.Release|Any CPU.ActiveCfg = Release|Any CPU
		{9C70BBAE-0976-3267-B645-9D06B4276AAA}.Release|Any CPU.Build.0 = Release|Any CPU
	EndGlobalSection
	GlobalSection(SolutionProperties) = preSolution
		HideSolutionNode = FALSE
	EndGlobalSection
	GlobalSection(MonoDevelopProperties) = preSolution
		StartupItem = Assembly-CSharp.csproj
	EndGlobalSection
EndGlobal
