Microsoft Visual Studio Solution File, Format Version 11.00
# Visual Studio 2008

Project("{014F9304-7702-5343-F2EE-41B54E9B7BCE}") = "Ellipse_", "Assembly-CSharp.csproj", "{F7F5FF7E-F8F0-91A0-1DE4-F77407F9CCAE}"
EndProject
Global
	GlobalSection(SolutionConfigurationPlatforms) = preSolution
		Debug|Any CPU = Debug|Any CPU
		Release|Any CPU = Release|Any CPU
	EndGlobalSection
	GlobalSection(ProjectConfigurationPlatforms) = postSolution
		{F7F5FF7E-F8F0-91A0-1DE4-F77407F9CCAE}.Debug|Any CPU.ActiveCfg = Debug|Any CPU
		{F7F5FF7E-F8F0-91A0-1DE4-F77407F9CCAE}.Debug|Any CPU.Build.0 = Debug|Any CPU
		{F7F5FF7E-F8F0-91A0-1DE4-F77407F9CCAE}.Release|Any CPU.ActiveCfg = Release|Any CPU
		{F7F5FF7E-F8F0-91A0-1DE4-F77407F9CCAE}.Release|Any CPU.Build.0 = Release|Any CPU
	EndGlobalSection
	GlobalSection(SolutionProperties) = preSolution
		HideSolutionNode = FALSE
	EndGlobalSection
	GlobalSection(MonoDevelopProperties) = preSolution
		StartupItem = Assembly-CSharp.csproj
	EndGlobalSection
EndGlobal
