Microsoft Visual Studio Solution File, Format Version 11.00
# Visual Studio 2008

Project("{526939D4-E562-48FD-B17D-26FC76E6E4E4}") = "종이비행기11_14", "Assembly-CSharp.csproj", "{AA44A06B-1DD5-DA4A-3023-F65C3F3124A1}"
EndProject
Global
	GlobalSection(SolutionConfigurationPlatforms) = preSolution
		Debug|Any CPU = Debug|Any CPU
		Release|Any CPU = Release|Any CPU
	EndGlobalSection
	GlobalSection(ProjectConfigurationPlatforms) = postSolution
		{AA44A06B-1DD5-DA4A-3023-F65C3F3124A1}.Debug|Any CPU.ActiveCfg = Debug|Any CPU
		{AA44A06B-1DD5-DA4A-3023-F65C3F3124A1}.Debug|Any CPU.Build.0 = Debug|Any CPU
		{AA44A06B-1DD5-DA4A-3023-F65C3F3124A1}.Release|Any CPU.ActiveCfg = Release|Any CPU
		{AA44A06B-1DD5-DA4A-3023-F65C3F3124A1}.Release|Any CPU.Build.0 = Release|Any CPU
	EndGlobalSection
	GlobalSection(SolutionProperties) = preSolution
		HideSolutionNode = FALSE
	EndGlobalSection
	GlobalSection(MonoDevelopProperties) = preSolution
		StartupItem = Assembly-CSharp.csproj
	EndGlobalSection
EndGlobal
